{
  "entries": [
    {
      "digest_sha256": "d95fbf8aa3bbeb323aa8f9d2548895eb7172f5616cf17950b362d85e516dc8c2",
      "identity": "npm:@tintinweb/pi-subagents",
      "resolved": {
        "installed_version": "0.6.1",
        "kind": "npm",
        "name": "@tintinweb/pi-subagents",
        "pinned": false,
        "requested_spec": "@tintinweb/pi-subagents",
        "requested_version": null
      },
      "source": "npm:@tintinweb/pi-subagents",
      "source_kind": "npm",
      "trust_state": "trusted"
    },
    {
      "digest_sha256": "54c2031cf3fe7725dfe1280883e7fffcf7afdafe2a7c3f2984a1456f07e258a8",
      "identity": "npm:pi-mcp-adapter",
      "resolved": {
        "installed_version": "2.5.1",
        "kind": "npm",
        "name": "pi-mcp-adapter",
        "pinned": false,
        "requested_spec": "pi-mcp-adapter",
        "requested_version": null
      },
      "source": "npm:pi-mcp-adapter",
      "source_kind": "npm",
      "trust_state": "trusted"
    },
    {
      "digest_sha256": "3293346e921373100cb1492e835d23b0e51070692cd0cc07639560f324956b27",
      "identity": "npm:pi-tool-display",
      "resolved": {
        "installed_version": "0.3.4",
        "kind": "npm",
        "name": "pi-tool-display",
        "pinned": false,
        "requested_spec": "pi-tool-display",
        "requested_version": null
      },
      "source": "npm:pi-tool-display",
      "source_kind": "npm",
      "trust_state": "trusted"
    }
  ],
  "schema": "pi.package_lock.v1"
}